
Microsoft Visual Studio Solution File, Format Version 12.00
# Visual Studio Version 17
VisualStudioVersion = 17.0.31903.59
MinimumVisualStudioVersion = 10.0.40219.1
Project("{FAE04EC0-301F-11D3-BF4B-00C04F79EFBC}") = "BasicPitch", "BasicPitch\BasicPitch.csproj", "{4FF9A13D-786F-41C1-910D-78A45E8FEB6F}"
EndProject
Project("{FAE04EC0-301F-11D3-BF4B-00C04F79EFBC}") = "ToMidiSample", "ToMidiSample\ToMidiSample.csproj", "{B9AE6489-A380-4C0B-85FE-E454202E40CF}"
EndProject
Global
	GlobalSection(SolutionConfigurationPlatforms) = preSolution
		Debug|Any CPU = Debug|Any CPU
		Debug|x64 = Debug|x64
		Debug|x86 = Debug|x86
		Release|Any CPU = Release|Any CPU
		Release|x64 = Release|x64
		Release|x86 = Release|x86
	EndGlobalSection
	GlobalSection(ProjectConfigurationPlatforms) = postSolution
		{4FF9A13D-786F-41C1-910D-78A45E8FEB6F}.Debug|Any CPU.ActiveCfg = Debug|Any CPU
		{4FF9A13D-786F-41C1-910D-78A45E8FEB6F}.Debug|Any CPU.Build.0 = Debug|Any CPU
		{4FF9A13D-786F-41C1-910D-78A45E8FEB6F}.Debug|x64.ActiveCfg = Debug|Any CPU
		{4FF9A13D-786F-41C1-910D-78A45E8FEB6F}.Debug|x64.Build.0 = Debug|Any CPU
		{4FF9A13D-786F-41C1-910D-78A45E8FEB6F}.Debug|x86.ActiveCfg = Debug|Any CPU
		{4FF9A13D-786F-41C1-910D-78A45E8FEB6F}.Debug|x86.Build.0 = Debug|Any CPU
		{4FF9A13D-786F-41C1-910D-78A45E8FEB6F}.Release|Any CPU.ActiveCfg = Release|Any CPU
		{4FF9A13D-786F-41C1-910D-78A45E8FEB6F}.Release|Any CPU.Build.0 = Release|Any CPU
		{4FF9A13D-786F-41C1-910D-78A45E8FEB6F}.Release|x64.ActiveCfg = Release|Any CPU
		{4FF9A13D-786F-41C1-910D-78A45E8FEB6F}.Release|x64.Build.0 = Release|Any CPU
		{4FF9A13D-786F-41C1-910D-78A45E8FEB6F}.Release|x86.ActiveCfg = Release|Any CPU
		{4FF9A13D-786F-41C1-910D-78A45E8FEB6F}.Release|x86.Build.0 = Release|Any CPU
		{B9AE6489-A380-4C0B-85FE-E454202E40CF}.Debug|Any CPU.ActiveCfg = Debug|Any CPU
		{B9AE6489-A380-4C0B-85FE-E454202E40CF}.Debug|Any CPU.Build.0 = Debug|Any CPU
		{B9AE6489-A380-4C0B-85FE-E454202E40CF}.Debug|x64.ActiveCfg = Debug|Any CPU
		{B9AE6489-A380-4C0B-85FE-E454202E40CF}.Debug|x64.Build.0 = Debug|Any CPU
		{B9AE6489-A380-4C0B-85FE-E454202E40CF}.Debug|x86.ActiveCfg = Debug|Any CPU
		{B9AE6489-A380-4C0B-85FE-E454202E40CF}.Debug|x86.Build.0 = Debug|Any CPU
		{B9AE6489-A380-4C0B-85FE-E454202E40CF}.Release|Any CPU.ActiveCfg = Release|Any CPU
		{B9AE6489-A380-4C0B-85FE-E454202E40CF}.Release|Any CPU.Build.0 = Release|Any CPU
		{B9AE6489-A380-4C0B-85FE-E454202E40CF}.Release|x64.ActiveCfg = Release|Any CPU
		{B9AE6489-A380-4C0B-85FE-E454202E40CF}.Release|x64.Build.0 = Release|Any CPU
		{B9AE6489-A380-4C0B-85FE-E454202E40CF}.Release|x86.ActiveCfg = Release|Any CPU
		{B9AE6489-A380-4C0B-85FE-E454202E40CF}.Release|x86.Build.0 = Release|Any CPU
	EndGlobalSection
	GlobalSection(SolutionProperties) = preSolution
		HideSolutionNode = FALSE
	EndGlobalSection
EndGlobal
